
Microsoft Visual Studio Solution File, Format Version 12.00
# Visual Studio Version 16
VisualStudioVersion = 16.0.31025.194
MinimumVisualStudioVersion = 10.0.40219.1
Project("{FAE04EC0-301F-11D3-BF4B-00C04F79EFBC}") = "BudgetTracker.API", "finkbeiner.BudgetTracker\BudgetTracker.API.csproj", "{88EB5A28-FA70-47B6-B7E2-BA32E413E52D}"
EndProject
Project("{FAE04EC0-301F-11D3-BF4B-00C04F79EFBC}") = "ApplicationCore", "ApplicationCore\ApplicationCore.csproj", "{14E857CF-993F-4C1F-8605-2789ED1C76B8}"
EndProject
Project("{FAE04EC0-301F-11D3-BF4B-00C04F79EFBC}") = "Infrastructure", "Infrastructure\Infrastructure.csproj", "{EFDA7BE7-A01A-4EDB-B0DE-E76335643372}"
EndProject
Global
	GlobalSection(SolutionConfigurationPlatforms) = preSolution
		Debug|Any CPU = Debug|Any CPU
		Release|Any CPU = Release|Any CPU
	EndGlobalSection
	GlobalSection(ProjectConfigurationPlatforms) = postSolution
		{88EB5A28-FA70-47B6-B7E2-BA32E413E52D}.Debug|Any CPU.ActiveCfg = Debug|Any CPU
		{88EB5A28-FA70-47B6-B7E2-BA32E413E52D}.Debug|Any CPU.Build.0 = Debug|Any CPU
		{88EB5A28-FA70-47B6-B7E2-BA32E413E52D}.Release|Any CPU.ActiveCfg = Release|Any CPU
		{88EB5A28-FA70-47B6-B7E2-BA32E413E52D}.Release|Any CPU.Build.0 = Release|Any CPU
		{14E857CF-993F-4C1F-8605-2789ED1C76B8}.Debug|Any CPU.ActiveCfg = Debug|Any CPU
		{14E857CF-993F-4C1F-8605-2789ED1C76B8}.Debug|Any CPU.Build.0 = Debug|Any CPU
		{14E857CF-993F-4C1F-8605-2789ED1C76B8}.Release|Any CPU.ActiveCfg = Release|Any CPU
		{14E857CF-993F-4C1F-8605-2789ED1C76B8}.Release|Any CPU.Build.0 = Release|Any CPU
		{EFDA7BE7-A01A-4EDB-B0DE-E76335643372}.Debug|Any CPU.ActiveCfg = Debug|Any CPU
		{EFDA7BE7-A01A-4EDB-B0DE-E76335643372}.Debug|Any CPU.Build.0 = Debug|Any CPU
		{EFDA7BE7-A01A-4EDB-B0DE-E76335643372}.Release|Any CPU.ActiveCfg = Release|Any CPU
		{EFDA7BE7-A01A-4EDB-B0DE-E76335643372}.Release|Any CPU.Build.0 = Release|Any CPU
	EndGlobalSection
	GlobalSection(SolutionProperties) = preSolution
		HideSolutionNode = FALSE
	EndGlobalSection
	GlobalSection(ExtensibilityGlobals) = postSolution
		SolutionGuid = {B3866928-FB5C-40C3-89D5-343A57DAEE5F}
	EndGlobalSection
EndGlobal
